
Microsoft Visual Studio Solution File, Format Version 12.00
# Visual Studio Version 16
VisualStudioVersion = 16.0.31410.357
MinimumVisualStudioVersion = 10.0.40219.1
Project("{9A19103F-16F7-4668-BE54-9A1E7A4F7556}") = "pdi", "pdi\pdi.csproj", "{D58F0909-B4BC-4021-A01C-0E344F154174}"
EndProject
Project("{9A19103F-16F7-4668-BE54-9A1E7A4F7556}") = "pdi.Blazor", "pdi.Blazor\pdi.Blazor.csproj", "{585E4E87-CC57-4164-BCED-B305B1A081D6}"
EndProject
Project("{9A19103F-16F7-4668-BE54-9A1E7A4F7556}") = "pdi.Shared", "pdi.Shared\pdi.Shared.csproj", "{7A052A0A-8E6B-4EA7-960E-DC58A230D2AE}"
EndProject
Project("{FAE04EC0-301F-11D3-BF4B-00C04F79EFBC}") = "pdi.Tests", "pdi.Tests\pdi.Tests.csproj", "{4448C4AC-B0BF-4330-8513-6E6DA0CF3EAF}"
EndProject
Global
	GlobalSection(SolutionConfigurationPlatforms) = preSolution
		Debug|Any CPU = Debug|Any CPU
		Release|Any CPU = Release|Any CPU
	EndGlobalSection
	GlobalSection(ProjectConfigurationPlatforms) = postSolution
		{D58F0909-B4BC-4021-A01C-0E344F154174}.Debug|Any CPU.ActiveCfg = Debug|Any CPU
		{D58F0909-B4BC-4021-A01C-0E344F154174}.Debug|Any CPU.Build.0 = Debug|Any CPU
		{D58F0909-B4BC-4021-A01C-0E344F154174}.Release|Any CPU.ActiveCfg = Release|Any CPU
		{D58F0909-B4BC-4021-A01C-0E344F154174}.Release|Any CPU.Build.0 = Release|Any CPU
		{585E4E87-CC57-4164-BCED-B305B1A081D6}.Debug|Any CPU.ActiveCfg = Debug|Any CPU
		{585E4E87-CC57-4164-BCED-B305B1A081D6}.Debug|Any CPU.Build.0 = Debug|Any CPU
		{585E4E87-CC57-4164-BCED-B305B1A081D6}.Release|Any CPU.ActiveCfg = Release|Any CPU
		{585E4E87-CC57-4164-BCED-B305B1A081D6}.Release|Any CPU.Build.0 = Release|Any CPU
		{7A052A0A-8E6B-4EA7-960E-DC58A230D2AE}.Debug|Any CPU.ActiveCfg = Debug|Any CPU
		{7A052A0A-8E6B-4EA7-960E-DC58A230D2AE}.Debug|Any CPU.Build.0 = Debug|Any CPU
		{7A052A0A-8E6B-4EA7-960E-DC58A230D2AE}.Release|Any CPU.ActiveCfg = Release|Any CPU
		{7A052A0A-8E6B-4EA7-960E-DC58A230D2AE}.Release|Any CPU.Build.0 = Release|Any CPU
		{4448C4AC-B0BF-4330-8513-6E6DA0CF3EAF}.Debug|Any CPU.ActiveCfg = Debug|Any CPU
		{4448C4AC-B0BF-4330-8513-6E6DA0CF3EAF}.Debug|Any CPU.Build.0 = Debug|Any CPU
		{4448C4AC-B0BF-4330-8513-6E6DA0CF3EAF}.Release|Any CPU.ActiveCfg = Release|Any CPU
		{4448C4AC-B0BF-4330-8513-6E6DA0CF3EAF}.Release|Any CPU.Build.0 = Release|Any CPU
	EndGlobalSection
	GlobalSection(SolutionProperties) = preSolution
		HideSolutionNode = FALSE
	EndGlobalSection
	GlobalSection(ExtensibilityGlobals) = postSolution
		SolutionGuid = {421AA40C-D9B5-4BB5-8954-0DA0B30C5232}
	EndGlobalSection
EndGlobal
